
Microsoft Visual Studio Solution File, Format Version 12.00
# Visual Studio Version 17
VisualStudioVersion = 17.0.31912.275
MinimumVisualStudioVersion = 10.0.40219.1
Project("{2150E333-8FDC-42A3-9474-1A3956D46DE8}") = "Solution Items", "Solution Items", "{73142106-B90E-4618-947F-E633F9624E33}"
	ProjectSection(SolutionItems) = preProject
		nuget.txt = nuget.txt
	EndProjectSection
EndProject
Project("{9A19103F-16F7-4668-BE54-9A1E7A4F7556}") = "Adai.Base", "Adai.Base\Adai.Base.csproj", "{3F793BB2-5608-4688-9F17-D4103AC81752}"
EndProject
Project("{9A19103F-16F7-4668-BE54-9A1E7A4F7556}") = "Adai.WebApi", "Adai.WebApi\Adai.WebApi.csproj", "{7958EBC8-3B93-4A63-A8CE-D10978ECEB9E}"
EndProject
Project("{9A19103F-16F7-4668-BE54-9A1E7A4F7556}") = "Adai.Core", "Adai.Core\Adai.Core.csproj", "{9A8090CF-27E7-4C7B-A8AA-3AB20F3BDD6A}"
EndProject
Project("{9A19103F-16F7-4668-BE54-9A1E7A4F7556}") = "Adai.Core.Test.Service", "Adai.Core.Test.Service\Adai.Core.Test.Service.csproj", "{6F0EF4A2-5F9A-4B13-900C-5B31C5A54504}"
EndProject
Global
	GlobalSection(SolutionConfigurationPlatforms) = preSolution
		Debug|Any CPU = Debug|Any CPU
		Release|Any CPU = Release|Any CPU
	EndGlobalSection
	GlobalSection(ProjectConfigurationPlatforms) = postSolution
		{3F793BB2-5608-4688-9F17-D4103AC81752}.Debug|Any CPU.ActiveCfg = Debug|Any CPU
		{3F793BB2-5608-4688-9F17-D4103AC81752}.Debug|Any CPU.Build.0 = Debug|Any CPU
		{3F793BB2-5608-4688-9F17-D4103AC81752}.Release|Any CPU.ActiveCfg = Release|Any CPU
		{3F793BB2-5608-4688-9F17-D4103AC81752}.Release|Any CPU.Build.0 = Release|Any CPU
		{7958EBC8-3B93-4A63-A8CE-D10978ECEB9E}.Debug|Any CPU.ActiveCfg = Debug|Any CPU
		{7958EBC8-3B93-4A63-A8CE-D10978ECEB9E}.Debug|Any CPU.Build.0 = Debug|Any CPU
		{7958EBC8-3B93-4A63-A8CE-D10978ECEB9E}.Release|Any CPU.ActiveCfg = Release|Any CPU
		{7958EBC8-3B93-4A63-A8CE-D10978ECEB9E}.Release|Any CPU.Build.0 = Release|Any CPU
		{9A8090CF-27E7-4C7B-A8AA-3AB20F3BDD6A}.Debug|Any CPU.ActiveCfg = Debug|Any CPU
		{9A8090CF-27E7-4C7B-A8AA-3AB20F3BDD6A}.Debug|Any CPU.Build.0 = Debug|Any CPU
		{9A8090CF-27E7-4C7B-A8AA-3AB20F3BDD6A}.Release|Any CPU.ActiveCfg = Release|Any CPU
		{9A8090CF-27E7-4C7B-A8AA-3AB20F3BDD6A}.Release|Any CPU.Build.0 = Release|Any CPU
		{6F0EF4A2-5F9A-4B13-900C-5B31C5A54504}.Debug|Any CPU.ActiveCfg = Debug|Any CPU
		{6F0EF4A2-5F9A-4B13-900C-5B31C5A54504}.Debug|Any CPU.Build.0 = Debug|Any CPU
		{6F0EF4A2-5F9A-4B13-900C-5B31C5A54504}.Release|Any CPU.ActiveCfg = Release|Any CPU
		{6F0EF4A2-5F9A-4B13-900C-5B31C5A54504}.Release|Any CPU.Build.0 = Release|Any CPU
	EndGlobalSection
	GlobalSection(SolutionProperties) = preSolution
		HideSolutionNode = FALSE
	EndGlobalSection
	GlobalSection(ExtensibilityGlobals) = postSolution
		SolutionGuid = {1DCD9F15-B17B-48EA-9494-16396F16043E}
	EndGlobalSection
EndGlobal
